
Microsoft Visual Studio Solution File, Format Version 12.00
# Visual Studio Version 17
VisualStudioVersion = 17.11.35312.102
MinimumVisualStudioVersion = 10.0.40219.1
Project("{8BC9CEB8-8B4A-11D0-8D11-00A0C91BC942}") = "prob.8-1", "prob.8-1.vcxproj", "{1833BA00-8192-47A4-BE24-361C2D328F17}"
EndProject
Global
	GlobalSection(SolutionConfigurationPlatforms) = preSolution
		Debug|x64 = Debug|x64
		Debug|x86 = Debug|x86
		Release|x64 = Release|x64
		Release|x86 = Release|x86
	EndGlobalSection
	GlobalSection(ProjectConfigurationPlatforms) = postSolution
		{1833BA00-8192-47A4-BE24-361C2D328F17}.Debug|x64.ActiveCfg = Debug|x64
		{1833BA00-8192-47A4-BE24-361C2D328F17}.Debug|x64.Build.0 = Debug|x64
		{1833BA00-8192-47A4-BE24-361C2D328F17}.Debug|x86.ActiveCfg = Debug|Win32
		{1833BA00-8192-47A4-BE24-361C2D328F17}.Debug|x86.Build.0 = Debug|Win32
		{1833BA00-8192-47A4-BE24-361C2D328F17}.Release|x64.ActiveCfg = Release|x64
		{1833BA00-8192-47A4-BE24-361C2D328F17}.Release|x64.Build.0 = Release|x64
		{1833BA00-8192-47A4-BE24-361C2D328F17}.Release|x86.ActiveCfg = Release|Win32
		{1833BA00-8192-47A4-BE24-361C2D328F17}.Release|x86.Build.0 = Release|Win32
	EndGlobalSection
	GlobalSection(SolutionProperties) = preSolution
		HideSolutionNode = FALSE
	EndGlobalSection
	GlobalSection(ExtensibilityGlobals) = postSolution
		SolutionGuid = {A26A9E11-89D5-4A67-A13D-9FD38F579F81}
	EndGlobalSection
EndGlobal
